
Microsoft Visual Studio Solution File, Format Version 12.00
# Visual Studio Version 17
VisualStudioVersion = 17.2.32516.85
MinimumVisualStudioVersion = 10.0.40219.1
Project("{9A19103F-16F7-4668-BE54-9A1E7A4F7556}") = "JogTracker.Api", "src\JogTracker.Api\JogTracker.Api.csproj", "{BD28442C-EF45-4BC3-9C77-8A466F32BCBB}"
EndProject
Project("{9A19103F-16F7-4668-BE54-9A1E7A4F7556}") = "JogTracker.Database", "src\JogTracker.Database\JogTracker.Database.csproj", "{A6637091-F707-4429-94E4-8D913E668F3E}"
EndProject
Project("{9A19103F-16F7-4668-BE54-9A1E7A4F7556}") = "JogTracker.Entities", "src\JogTracker.Entities\JogTracker.Entities.csproj", "{91DAD221-E377-4510-B958-D5C06E010A78}"
EndProject
Project("{9A19103F-16F7-4668-BE54-9A1E7A4F7556}") = "JogTracker.Models", "src\JogTracker.Models\JogTracker.Models.csproj", "{BA52CC7E-03DE-4E9A-914D-0030352EF9B3}"
EndProject
Project("{9A19103F-16F7-4668-BE54-9A1E7A4F7556}") = "JogTracker.Identity", "src\JogTracker.Identity\JogTracker.Identity.csproj", "{0F0D828C-13C6-4A38-A0D2-88F309221FC4}"
EndProject
Project("{9A19103F-16F7-4668-BE54-9A1E7A4F7556}") = "JogTracker.Configuration", "src\JogTracker.Configuration\JogTracker.Configuration.csproj", "{1188A7AB-093E-4FC0-BB54-8A7C32626015}"
EndProject
Project("{9A19103F-16F7-4668-BE54-9A1E7A4F7556}") = "JogTracker.Repository", "src\JogTracker.Repository\JogTracker.Repository.csproj", "{A2AB2148-E4F0-4DF6-9C51-DE097C2FA758}"
EndProject
Project("{9A19103F-16F7-4668-BE54-9A1E7A4F7556}") = "JogTracker.Common", "src\JogTracker.Common\JogTracker.Common.csproj", "{93FF9606-5675-4F4D-87C4-17F53F5795DC}"
EndProject
Project("{9A19103F-16F7-4668-BE54-9A1E7A4F7556}") = "JogTracker.Mappers", "src\JogTracker.Mappers\JogTracker.Mappers.csproj", "{8BE49B5D-CFA5-4A5D-9996-FD029070D5FC}"
EndProject
Project("{2150E333-8FDC-42A3-9474-1A3956D46DE8}") = "Tests", "Tests", "{B65D0240-8768-4367-8BC8-62048C6A78C5}"
EndProject
Project("{FAE04EC0-301F-11D3-BF4B-00C04F79EFBC}") = "JogTracker.Api.UnitTests", "test\JogTracker.Api.UnitTests\JogTracker.Api.UnitTests.csproj", "{FEE6BB22-FA09-41A5-A1EB-9673AA6239F9}"
EndProject
Global
	GlobalSection(SolutionConfigurationPlatforms) = preSolution
		Debug|Any CPU = Debug|Any CPU
		Release|Any CPU = Release|Any CPU
	EndGlobalSection
	GlobalSection(ProjectConfigurationPlatforms) = postSolution
		{BD28442C-EF45-4BC3-9C77-8A466F32BCBB}.Debug|Any CPU.ActiveCfg = Debug|Any CPU
		{BD28442C-EF45-4BC3-9C77-8A466F32BCBB}.Debug|Any CPU.Build.0 = Debug|Any CPU
		{BD28442C-EF45-4BC3-9C77-8A466F32BCBB}.Release|Any CPU.ActiveCfg = Release|Any CPU
		{BD28442C-EF45-4BC3-9C77-8A466F32BCBB}.Release|Any CPU.Build.0 = Release|Any CPU
		{A6637091-F707-4429-94E4-8D913E668F3E}.Debug|Any CPU.ActiveCfg = Debug|Any CPU
		{A6637091-F707-4429-94E4-8D913E668F3E}.Debug|Any CPU.Build.0 = Debug|Any CPU
		{A6637091-F707-4429-94E4-8D913E668F3E}.Release|Any CPU.ActiveCfg = Release|Any CPU
		{A6637091-F707-4429-94E4-8D913E668F3E}.Release|Any CPU.Build.0 = Release|Any CPU
		{91DAD221-E377-4510-B958-D5C06E010A78}.Debug|Any CPU.ActiveCfg = Debug|Any CPU
		{91DAD221-E377-4510-B958-D5C06E010A78}.Debug|Any CPU.Build.0 = Debug|Any CPU
		{91DAD221-E377-4510-B958-D5C06E010A78}.Release|Any CPU.ActiveCfg = Release|Any CPU
		{91DAD221-E377-4510-B958-D5C06E010A78}.Release|Any CPU.Build.0 = Release|Any CPU
		{BA52CC7E-03DE-4E9A-914D-0030352EF9B3}.Debug|Any CPU.ActiveCfg = Debug|Any CPU
		{BA52CC7E-03DE-4E9A-914D-0030352EF9B3}.Debug|Any CPU.Build.0 = Debug|Any CPU
		{BA52CC7E-03DE-4E9A-914D-0030352EF9B3}.Release|Any CPU.ActiveCfg = Release|Any CPU
		{BA52CC7E-03DE-4E9A-914D-0030352EF9B3}.Release|Any CPU.Build.0 = Release|Any CPU
		{0F0D828C-13C6-4A38-A0D2-88F309221FC4}.Debug|Any CPU.ActiveCfg = Debug|Any CPU
		{0F0D828C-13C6-4A38-A0D2-88F309221FC4}.Debug|Any CPU.Build.0 = Debug|Any CPU
		{0F0D828C-13C6-4A38-A0D2-88F309221FC4}.Release|Any CPU.ActiveCfg = Release|Any CPU
		{0F0D828C-13C6-4A38-A0D2-88F309221FC4}.Release|Any CPU.Build.0 = Release|Any CPU
		{1188A7AB-093E-4FC0-BB54-8A7C32626015}.Debug|Any CPU.ActiveCfg = Debug|Any CPU
		{1188A7AB-093E-4FC0-BB54-8A7C32626015}.Debug|Any CPU.Build.0 = Debug|Any CPU
		{1188A7AB-093E-4FC0-BB54-8A7C32626015}.Release|Any CPU.ActiveCfg = Release|Any CPU
		{1188A7AB-093E-4FC0-BB54-8A7C32626015}.Release|Any CPU.Build.0 = Release|Any CPU
		{A2AB2148-E4F0-4DF6-9C51-DE097C2FA758}.Debug|Any CPU.ActiveCfg = Debug|Any CPU
		{A2AB2148-E4F0-4DF6-9C51-DE097C2FA758}.Debug|Any CPU.Build.0 = Debug|Any CPU
		{A2AB2148-E4F0-4DF6-9C51-DE097C2FA758}.Release|Any CPU.ActiveCfg = Release|Any CPU
		{A2AB2148-E4F0-4DF6-9C51-DE097C2FA758}.Release|Any CPU.Build.0 = Release|Any CPU
		{93FF9606-5675-4F4D-87C4-17F53F5795DC}.Debug|Any CPU.ActiveCfg = Debug|Any CPU
		{93FF9606-5675-4F4D-87C4-17F53F5795DC}.Debug|Any CPU.Build.0 = Debug|Any CPU
		{93FF9606-5675-4F4D-87C4-17F53F5795DC}.Release|Any CPU.ActiveCfg = Release|Any CPU
		{93FF9606-5675-4F4D-87C4-17F53F5795DC}.Release|Any CPU.Build.0 = Release|Any CPU
		{8BE49B5D-CFA5-4A5D-9996-FD029070D5FC}.Debug|Any CPU.ActiveCfg = Debug|Any CPU
		{8BE49B5D-CFA5-4A5D-9996-FD029070D5FC}.Debug|Any CPU.Build.0 = Debug|Any CPU
		{8BE49B5D-CFA5-4A5D-9996-FD029070D5FC}.Release|Any CPU.ActiveCfg = Release|Any CPU
		{8BE49B5D-CFA5-4A5D-9996-FD029070D5FC}.Release|Any CPU.Build.0 = Release|Any CPU
		{FEE6BB22-FA09-41A5-A1EB-9673AA6239F9}.Debug|Any CPU.ActiveCfg = Debug|Any CPU
		{FEE6BB22-FA09-41A5-A1EB-9673AA6239F9}.Debug|Any CPU.Build.0 = Debug|Any CPU
		{FEE6BB22-FA09-41A5-A1EB-9673AA6239F9}.Release|Any CPU.ActiveCfg = Release|Any CPU
		{FEE6BB22-FA09-41A5-A1EB-9673AA6239F9}.Release|Any CPU.Build.0 = Release|Any CPU
	EndGlobalSection
	GlobalSection(SolutionProperties) = preSolution
		HideSolutionNode = FALSE
	EndGlobalSection
	GlobalSection(NestedProjects) = preSolution
		{FEE6BB22-FA09-41A5-A1EB-9673AA6239F9} = {B65D0240-8768-4367-8BC8-62048C6A78C5}
	EndGlobalSection
	GlobalSection(ExtensibilityGlobals) = postSolution
		SolutionGuid = {F9F572C3-E5CC-4484-8267-0B5CBDAFCFBC}
	EndGlobalSection
EndGlobal
